github.com/bots-garden/capsule/capsulemodule v0.0.0-20220821063800-09667c0e1624 h1:botxwVEiH3zViduBNHO9kqVBzkWisczNrxhTZ96qDO4=
github.com/bots-garden/capsule/capsulemodule v0.0.0-20220821063800-09667c0e1624/go.mod h1:59cquWnltUN/LATOU96cq9P7IdaaCxLYJgK4oUARYZw=
github.com/bots-garden/capsule/commons v0.0.0-20220821060842-d1dc9f030021 h1:cBeILASaSUdrsImLP6wR6a747SHYBJqIwuADm2BMDO4=
github.com/bots-garden/capsule/commons v0.0.0-20220821060842-d1dc9f030021/go.mod h1:5ctHSZAwy3GEi4tR9YKFTfWtBUXDcOMFHNiJYXbV61c=
